
Microsoft Visual Studio Solution File, Format Version 12.00
# Visual Studio Version 16
VisualStudioVersion = 16.0.30611.23
MinimumVisualStudioVersion = 10.0.40219.1
Project("{D954291E-2A0B-460D-934E-DC6B0785DB48}") = "NestedIEnumerableListView.Shared", "NestedIEnumerableListView\NestedIEnumerableListView.Shared\NestedIEnumerableListView.Shared.shproj", "{6279C845-92F8-4333-AB99-3D213163593C}"
EndProject
Project("{FAE04EC0-301F-11D3-BF4B-00C04F79EFBC}") = "NestedIEnumerableListView.Droid", "NestedIEnumerableListView\NestedIEnumerableListView.Droid\NestedIEnumerableListView.Droid.csproj", "{3659B1A0-048A-414A-9000-872E1880D288}"
EndProject
Project("{FAE04EC0-301F-11D3-BF4B-00C04F79EFBC}") = "NestedIEnumerableListView.iOS", "NestedIEnumerableListView\NestedIEnumerableListView.iOS\NestedIEnumerableListView.iOS.csproj", "{AA92A934-0C70-4BD3-85C5-183B1B976469}"
EndProject
Project("{FAE04EC0-301F-11D3-BF4B-00C04F79EFBC}") = "NestedIEnumerableListView.UWP", "NestedIEnumerableListView\NestedIEnumerableListView.UWP\NestedIEnumerableListView.UWP.csproj", "{F6B4CA19-ABE6-429D-893B-1B98CC9572D8}"
EndProject
Project("{9A19103F-16F7-4668-BE54-9A1E7A4F7556}") = "NestedIEnumerableListView.Wasm", "NestedIEnumerableListView\NestedIEnumerableListView.Wasm\NestedIEnumerableListView.Wasm.csproj", "{2D135649-4CAE-4BBC-8FFE-C13CD5EB20E7}"
EndProject
Project("{FAE04EC0-301F-11D3-BF4B-00C04F79EFBC}") = "NestedIEnumerableListView.macOS", "NestedIEnumerableListView\NestedIEnumerableListView.macOS\NestedIEnumerableListView.macOS.csproj", "{F5344C38-21CC-44D1-85D3-79A7BFCE9D0D}"
EndProject
Global
	GlobalSection(SharedMSBuildProjectFiles) = preSolution
		NestedIEnumerableListView\NestedIEnumerableListView.Shared\NestedIEnumerableListView.Shared.projitems*{2d135649-4cae-4bbc-8ffe-c13cd5eb20e7}*SharedItemsImports = 5
		NestedIEnumerableListView\NestedIEnumerableListView.Shared\NestedIEnumerableListView.Shared.projitems*{3659b1a0-048a-414a-9000-872e1880d288}*SharedItemsImports = 4
		NestedIEnumerableListView\NestedIEnumerableListView.Shared\NestedIEnumerableListView.Shared.projitems*{6279c845-92f8-4333-ab99-3d213163593c}*SharedItemsImports = 13
		NestedIEnumerableListView\NestedIEnumerableListView.Shared\NestedIEnumerableListView.Shared.projitems*{aa92a934-0c70-4bd3-85c5-183b1b976469}*SharedItemsImports = 4
		NestedIEnumerableListView\NestedIEnumerableListView.Shared\NestedIEnumerableListView.Shared.projitems*{f5344c38-21cc-44d1-85d3-79a7bfce9d0d}*SharedItemsImports = 4
		NestedIEnumerableListView\NestedIEnumerableListView.Shared\NestedIEnumerableListView.Shared.projitems*{f6b4ca19-abe6-429d-893b-1b98cc9572d8}*SharedItemsImports = 4
	EndGlobalSection
	GlobalSection(SolutionConfigurationPlatforms) = preSolution
		Ad-Hoc|Any CPU = Ad-Hoc|Any CPU
		Ad-Hoc|ARM = Ad-Hoc|ARM
		Ad-Hoc|ARM64 = Ad-Hoc|ARM64
		Ad-Hoc|iPhone = Ad-Hoc|iPhone
		Ad-Hoc|iPhoneSimulator = Ad-Hoc|iPhoneSimulator
		Ad-Hoc|x64 = Ad-Hoc|x64
		Ad-Hoc|x86 = Ad-Hoc|x86
		AppStore|Any CPU = AppStore|Any CPU
		AppStore|ARM = AppStore|ARM
		AppStore|ARM64 = AppStore|ARM64
		AppStore|iPhone = AppStore|iPhone
		AppStore|iPhoneSimulator = AppStore|iPhoneSimulator
		AppStore|x64 = AppStore|x64
		AppStore|x86 = AppStore|x86
		Debug|Any CPU = Debug|Any CPU
		Debug|ARM = Debug|ARM
		Debug|ARM64 = Debug|ARM64
		Debug|iPhone = Debug|iPhone
		Debug|iPhoneSimulator = Debug|iPhoneSimulator
		Debug|x64 = Debug|x64
		Debug|x86 = Debug|x86
		Release|Any CPU = Release|Any CPU
		Release|ARM = Release|ARM
		Release|ARM64 = Release|ARM64
		Release|iPhone = Release|iPhone
		Release|iPhoneSimulator = Release|iPhoneSimulator
		Release|x64 = Release|x64
		Release|x86 = Release|x86
	EndGlobalSection
	GlobalSection(ProjectConfigurationPlatforms) = postSolution
		{3659B1A0-048A-414A-9000-872E1880D288}.Ad-Hoc|Any CPU.ActiveCfg = Debug|Any CPU
		{3659B1A0-048A-414A-9000-872E1880D288}.Ad-Hoc|Any CPU.Build.0 = Debug|Any CPU
		{3659B1A0-048A-414A-9000-872E1880D288}.Ad-Hoc|Any CPU.Deploy.0 = Debug|Any CPU
		{3659B1A0-048A-414A-9000-872E1880D288}.Ad-Hoc|ARM.ActiveCfg = Debug|Any CPU
		{3659B1A0-048A-414A-9000-872E1880D288}.Ad-Hoc|ARM.Build.0 = Debug|Any CPU
		{3659B1A0-048A-414A-9000-872E1880D288}.Ad-Hoc|ARM.Deploy.0 = Debug|Any CPU
		{3659B1A0-048A-414A-9000-872E1880D288}.Ad-Hoc|ARM64.ActiveCfg = Debug|Any CPU
		{3659B1A0-048A-414A-9000-872E1880D288}.Ad-Hoc|ARM64.Build.0 = Debug|Any CPU
		{3659B1A0-048A-414A-9000-872E1880D288}.Ad-Hoc|ARM64.Deploy.0 = Debug|Any CPU
		{3659B1A0-048A-414A-9000-872E1880D288}.Ad-Hoc|iPhone.ActiveCfg = Debug|Any CPU
		{3659B1A0-048A-414A-9000-872E1880D288}.Ad-Hoc|iPhone.Build.0 = Debug|Any CPU
		{3659B1A0-048A-414A-9000-872E1880D288}.Ad-Hoc|iPhone.Deploy.0 = Debug|Any CPU
		{3659B1A0-048A-414A-9000-872E1880D288}.Ad-Hoc|iPhoneSimulator.ActiveCfg = Debug|Any CPU
		{3659B1A0-048A-414A-9000-872E1880D288}.Ad-Hoc|iPhoneSimulator.Build.0 = Debug|Any CPU
		{3659B1A0-048A-414A-9000-872E1880D288}.Ad-Hoc|iPhoneSimulator.Deploy.0 = Debug|Any CPU
		{3659B1A0-048A-414A-9000-872E1880D288}.Ad-Hoc|x64.ActiveCfg = Debug|Any CPU
		{3659B1A0-048A-414A-9000-872E1880D288}.Ad-Hoc|x64.Build.0 = Debug|Any CPU
		{3659B1A0-048A-414A-9000-872E1880D288}.Ad-Hoc|x64.Deploy.0 = Debug|Any CPU
		{3659B1A0-048A-414A-9000-872E1880D288}.Ad-Hoc|x86.ActiveCfg = Debug|Any CPU
		{3659B1A0-048A-414A-9000-872E1880D288}.Ad-Hoc|x86.Build.0 = Debug|Any CPU
		{3659B1A0-048A-414A-9000-872E1880D288}.Ad-Hoc|x86.Deploy.0 = Debug|Any CPU
		{3659B1A0-048A-414A-9000-872E1880D288}.AppStore|Any CPU.ActiveCfg = Debug|Any CPU
		{3659B1A0-048A-414A-9000-872E1880D288}.AppStore|Any CPU.Build.0 = Debug|Any CPU
		{3659B1A0-048A-414A-9000-872E1880D288}.AppStore|Any CPU.Deploy.0 = Debug|Any CPU
		{3659B1A0-048A-414A-9000-872E1880D288}.AppStore|ARM.ActiveCfg = Debug|Any CPU
		{3659B1A0-048A-414A-9000-872E1880D288}.AppStore|ARM.Build.0 = Debug|Any CPU
		{3659B1A0-048A-414A-9000-872E1880D288}.AppStore|ARM.Deploy.0 = Debug|Any CPU
		{3659B1A0-048A-414A-9000-872E1880D288}.AppStore|ARM64.ActiveCfg = Debug|Any CPU
		{3659B1A0-048A-414A-9000-872E1880D288}.AppStore|ARM64.Build.0 = Debug|Any CPU
		{3659B1A0-048A-414A-9000-872E1880D288}.AppStore|ARM64.Deploy.0 = Debug|Any CPU
		{3659B1A0-048A-414A-9000-872E1880D288}.AppStore|iPhone.ActiveCfg = Debug|Any CPU
		{3659B1A0-048A-414A-9000-872E1880D288}.AppStore|iPhone.Build.0 = Debug|Any CPU
		{3659B1A0-048A-414A-9000-872E1880D288}.AppStore|iPhone.Deploy.0 = Debug|Any CPU
		{3659B1A0-048A-414A-9000-872E1880D288}.AppStore|iPhoneSimulator.ActiveCfg = Debug|Any CPU
		{3659B1A0-048A-414A-9000-872E1880D288}.AppStore|iPhoneSimulator.Build.0 = Debug|Any CPU
		{3659B1A0-048A-414A-9000-872E1880D288}.AppStore|iPhoneSimulator.Deploy.0 = Debug|Any CPU
		{3659B1A0-048A-414A-9000-872E1880D288}.AppStore|x64.ActiveCfg = Debug|Any CPU
		{3659B1A0-048A-414A-9000-872E1880D288}.AppStore|x64.Build.0 = Debug|Any CPU
		{3659B1A0-048A-414A-9000-872E1880D288}.AppStore|x64.Deploy.0 = Debug|Any CPU
		{3659B1A0-048A-414A-9000-872E1880D288}.AppStore|x86.ActiveCfg = Debug|Any CPU
		{3659B1A0-048A-414A-9000-872E1880D288}.AppStore|x86.Build.0 = Debug|Any CPU
		{3659B1A0-048A-414A-9000-872E1880D288}.AppStore|x86.Deploy.0 = Debug|Any CPU
		{3659B1A0-048A-414A-9000-872E1880D288}.Debug|Any CPU.ActiveCfg = Debug|Any CPU
		{3659B1A0-048A-414A-9000-872E1880D288}.Debug|Any CPU.Build.0 = Debug|Any CPU
		{3659B1A0-048A-414A-9000-872E1880D288}.Debug|Any CPU.Deploy.0 = Debug|Any CPU
		{3659B1A0-048A-414A-9000-872E1880D288}.Debug|ARM.ActiveCfg = Debug|Any CPU
		{3659B1A0-048A-414A-9000-872E1880D288}.Debug|ARM.Build.0 = Debug|Any CPU
		{3659B1A0-048A-414A-9000-872E1880D288}.Debug|ARM.Deploy.0 = Debug|Any CPU
		{3659B1A0-048A-414A-9000-872E1880D288}.Debug|ARM64.ActiveCfg = Debug|Any CPU
		{3659B1A0-048A-414A-9000-872E1880D288}.Debug|ARM64.Build.0 = Debug|Any CPU
		{3659B1A0-048A-414A-9000-872E1880D288}.Debug|ARM64.Deploy.0 = Debug|Any CPU
		{3659B1A0-048A-414A-9000-872E1880D288}.Debug|iPhone.ActiveCfg = Debug|Any CPU
		{3659B1A0-048A-414A-9000-872E1880D288}.Debug|iPhone.Build.0 = Debug|Any CPU
		{3659B1A0-048A-414A-9000-872E1880D288}.Debug|iPhone.Deploy.0 = Debug|Any CPU
		{3659B1A0-048A-414A-9000-872E1880D288}.Debug|iPhoneSimulator.ActiveCfg = Debug|Any CPU
		{3659B1A0-048A-414A-9000-872E1880D288}.Debug|iPhoneSimulator.Build.0 = Debug|Any CPU
		{3659B1A0-048A-414A-9000-872E1880D288}.Debug|iPhoneSimulator.Deploy.0 = Debug|Any CPU
		{3659B1A0-048A-414A-9000-872E1880D288}.Debug|x64.ActiveCfg = Debug|Any CPU
		{3659B1A0-048A-414A-9000-872E1880D288}.Debug|x64.Build.0 = Debug|Any CPU
		{3659B1A0-048A-414A-9000-872E1880D288}.Debug|x64.Deploy.0 = Debug|Any CPU
		{3659B1A0-048A-414A-9000-872E1880D288}.Debug|x86.ActiveCfg = Debug|Any CPU
		{3659B1A0-048A-414A-9000-872E1880D288}.Debug|x86.Build.0 = Debug|Any CPU
		{3659B1A0-048A-414A-9000-872E1880D288}.Debug|x86.Deploy.0 = Debug|Any CPU
		{3659B1A0-048A-414A-9000-872E1880D288}.Release|Any CPU.ActiveCfg = Release|Any CPU
		{3659B1A0-048A-414A-9000-872E1880D288}.Release|Any CPU.Build.0 = Release|Any CPU
		{3659B1A0-048A-414A-9000-872E1880D288}.Release|Any CPU.Deploy.0 = Release|Any CPU
		{3659B1A0-048A-414A-9000-872E1880D288}.Release|ARM.ActiveCfg = Release|Any CPU
		{3659B1A0-048A-414A-9000-872E1880D288}.Release|ARM.Build.0 = Release|Any CPU
		{3659B1A0-048A-414A-9000-872E1880D288}.Release|ARM.Deploy.0 = Release|Any CPU
		{3659B1A0-048A-414A-9000-872E1880D288}.Release|ARM64.ActiveCfg = Release|Any CPU
		{3659B1A0-048A-414A-9000-872E1880D288}.Release|ARM64.Build.0 = Release|Any CPU
		{3659B1A0-048A-414A-9000-872E1880D288}.Release|ARM64.Deploy.0 = Release|Any CPU
		{3659B1A0-048A-414A-9000-872E1880D288}.Release|iPhone.ActiveCfg = Release|Any CPU
		{3659B1A0-048A-414A-9000-872E1880D288}.Release|iPhone.Build.0 = Release|Any CPU
		{3659B1A0-048A-414A-9000-872E1880D288}.Release|iPhone.Deploy.0 = Release|Any CPU
		{3659B1A0-048A-414A-9000-872E1880D288}.Release|iPhoneSimulator.ActiveCfg = Release|Any CPU
		{3659B1A0-048A-414A-9000-872E1880D288}.Release|iPhoneSimulator.Build.0 = Release|Any CPU
		{3659B1A0-048A-414A-9000-872E1880D288}.Release|iPhoneSimulator.Deploy.0 = Release|Any CPU
		{3659B1A0-048A-414A-9000-872E1880D288}.Release|x64.ActiveCfg = Release|Any CPU
		{3659B1A0-048A-414A-9000-872E1880D288}.Release|x64.Build.0 = Release|Any CPU
		{3659B1A0-048A-414A-9000-872E1880D288}.Release|x64.Deploy.0 = Release|Any CPU
		{3659B1A0-048A-414A-9000-872E1880D288}.Release|x86.ActiveCfg = Release|Any CPU
		{3659B1A0-048A-414A-9000-872E1880D288}.Release|x86.Build.0 = Release|Any CPU
		{3659B1A0-048A-414A-9000-872E1880D288}.Release|x86.Deploy.0 = Release|Any CPU
		{AA92A934-0C70-4BD3-85C5-183B1B976469}.Ad-Hoc|Any CPU.ActiveCfg = Ad-Hoc|iPhoneSimulator
		{AA92A934-0C70-4BD3-85C5-183B1B976469}.Ad-Hoc|ARM.ActiveCfg = Ad-Hoc|iPhoneSimulator
		{AA92A934-0C70-4BD3-85C5-183B1B976469}.Ad-Hoc|ARM64.ActiveCfg = Ad-Hoc|iPhoneSimulator
		{AA92A934-0C70-4BD3-85C5-183B1B976469}.Ad-Hoc|iPhone.ActiveCfg = Ad-Hoc|iPhone
		{AA92A934-0C70-4BD3-85C5-183B1B976469}.Ad-Hoc|iPhone.Build.0 = Ad-Hoc|iPhone
		{AA92A934-0C70-4BD3-85C5-183B1B976469}.Ad-Hoc|iPhoneSimulator.ActiveCfg = Ad-Hoc|iPhoneSimulator
		{AA92A934-0C70-4BD3-85C5-183B1B976469}.Ad-Hoc|iPhoneSimulator.Build.0 = Ad-Hoc|iPhoneSimulator
		{AA92A934-0C70-4BD3-85C5-183B1B976469}.Ad-Hoc|x64.ActiveCfg = Ad-Hoc|iPhoneSimulator
		{AA92A934-0C70-4BD3-85C5-183B1B976469}.Ad-Hoc|x86.ActiveCfg = Ad-Hoc|iPhoneSimulator
		{AA92A934-0C70-4BD3-85C5-183B1B976469}.AppStore|Any CPU.ActiveCfg = AppStore|iPhoneSimulator
		{AA92A934-0C70-4BD3-85C5-183B1B976469}.AppStore|ARM.ActiveCfg = AppStore|iPhoneSimulator
		{AA92A934-0C70-4BD3-85C5-183B1B976469}.AppStore|ARM64.ActiveCfg = AppStore|iPhoneSimulator
		{AA92A934-0C70-4BD3-85C5-183B1B976469}.AppStore|iPhone.ActiveCfg = AppStore|iPhone
		{AA92A934-0C70-4BD3-85C5-183B1B976469}.AppStore|iPhone.Build.0 = AppStore|iPhone
		{AA92A934-0C70-4BD3-85C5-183B1B976469}.AppStore|iPhoneSimulator.ActiveCfg = AppStore|iPhoneSimulator
		{AA92A934-0C70-4BD3-85C5-183B1B976469}.AppStore|iPhoneSimulator.Build.0 = AppStore|iPhoneSimulator
		{AA92A934-0C70-4BD3-85C5-183B1B976469}.AppStore|x64.ActiveCfg = AppStore|iPhoneSimulator
		{AA92A934-0C70-4BD3-85C5-183B1B976469}.AppStore|x86.ActiveCfg = AppStore|iPhoneSimulator
		{AA92A934-0C70-4BD3-85C5-183B1B976469}.Debug|Any CPU.ActiveCfg = Debug|iPhoneSimulator
		{AA92A934-0C70-4BD3-85C5-183B1B976469}.Debug|ARM.ActiveCfg = Debug|iPhoneSimulator
		{AA92A934-0C70-4BD3-85C5-183B1B976469}.Debug|ARM64.ActiveCfg = Debug|iPhoneSimulator
		{AA92A934-0C70-4BD3-85C5-183B1B976469}.Debug|iPhone.ActiveCfg = Debug|iPhone
		{AA92A934-0C70-4BD3-85C5-183B1B976469}.Debug|iPhone.Build.0 = Debug|iPhone
		{AA92A934-0C70-4BD3-85C5-183B1B976469}.Debug|iPhoneSimulator.ActiveCfg = Debug|iPhoneSimulator
		{AA92A934-0C70-4BD3-85C5-183B1B976469}.Debug|iPhoneSimulator.Build.0 = Debug|iPhoneSimulator
		{AA92A934-0C70-4BD3-85C5-183B1B976469}.Debug|x64.ActiveCfg = Debug|iPhoneSimulator
		{AA92A934-0C70-4BD3-85C5-183B1B976469}.Debug|x86.ActiveCfg = Debug|iPhoneSimulator
		{AA92A934-0C70-4BD3-85C5-183B1B976469}.Release|Any CPU.ActiveCfg = Release|iPhoneSimulator
		{AA92A934-0C70-4BD3-85C5-183B1B976469}.Release|ARM.ActiveCfg = Release|iPhoneSimulator
		{AA92A934-0C70-4BD3-85C5-183B1B976469}.Release|ARM64.ActiveCfg = Release|iPhoneSimulator
		{AA92A934-0C70-4BD3-85C5-183B1B976469}.Release|iPhone.ActiveCfg = Release|iPhone
		{AA92A934-0C70-4BD3-85C5-183B1B976469}.Release|iPhone.Build.0 = Release|iPhone
		{AA92A934-0C70-4BD3-85C5-183B1B976469}.Release|iPhoneSimulator.ActiveCfg = Release|iPhoneSimulator
		{AA92A934-0C70-4BD3-85C5-183B1B976469}.Release|iPhoneSimulator.Build.0 = Release|iPhoneSimulator
		{AA92A934-0C70-4BD3-85C5-183B1B976469}.Release|x64.ActiveCfg = Release|iPhoneSimulator
		{AA92A934-0C70-4BD3-85C5-183B1B976469}.Release|x86.ActiveCfg = Release|iPhoneSimulator
		{F6B4CA19-ABE6-429D-893B-1B98CC9572D8}.Ad-Hoc|Any CPU.ActiveCfg = Debug|x86
		{F6B4CA19-ABE6-429D-893B-1B98CC9572D8}.Ad-Hoc|Any CPU.Build.0 = Debug|x86
		{F6B4CA19-ABE6-429D-893B-1B98CC9572D8}.Ad-Hoc|Any CPU.Deploy.0 = Debug|x86
		{F6B4CA19-ABE6-429D-893B-1B98CC9572D8}.Ad-Hoc|ARM.ActiveCfg = Debug|ARM
		{F6B4CA19-ABE6-429D-893B-1B98CC9572D8}.Ad-Hoc|ARM.Build.0 = Debug|ARM
		{F6B4CA19-ABE6-429D-893B-1B98CC9572D8}.Ad-Hoc|ARM.Deploy.0 = Debug|ARM
		{F6B4CA19-ABE6-429D-893B-1B98CC9572D8}.Ad-Hoc|ARM64.ActiveCfg = Debug|ARM64
		{F6B4CA19-ABE6-429D-893B-1B98CC9572D8}.Ad-Hoc|ARM64.Build.0 = Debug|ARM64
		{F6B4CA19-ABE6-429D-893B-1B98CC9572D8}.Ad-Hoc|ARM64.Deploy.0 = Debug|ARM64
		{F6B4CA19-ABE6-429D-893B-1B98CC9572D8}.Ad-Hoc|iPhone.ActiveCfg = Debug|x86
		{F6B4CA19-ABE6-429D-893B-1B98CC9572D8}.Ad-Hoc|iPhone.Build.0 = Debug|x86
		{F6B4CA19-ABE6-429D-893B-1B98CC9572D8}.Ad-Hoc|iPhone.Deploy.0 = Debug|x86
		{F6B4CA19-ABE6-429D-893B-1B98CC9572D8}.Ad-Hoc|iPhoneSimulator.ActiveCfg = Debug|x86
		{F6B4CA19-ABE6-429D-893B-1B98CC9572D8}.Ad-Hoc|iPhoneSimulator.Build.0 = Debug|x86
		{F6B4CA19-ABE6-429D-893B-1B98CC9572D8}.Ad-Hoc|iPhoneSimulator.Deploy.0 = Debug|x86
		{F6B4CA19-ABE6-429D-893B-1B98CC9572D8}.Ad-Hoc|x64.ActiveCfg = Debug|x64
		{F6B4CA19-ABE6-429D-893B-1B98CC9572D8}.Ad-Hoc|x64.Build.0 = Debug|x64
		{F6B4CA19-ABE6-429D-893B-1B98CC9572D8}.Ad-Hoc|x64.Deploy.0 = Debug|x64
		{F6B4CA19-ABE6-429D-893B-1B98CC9572D8}.Ad-Hoc|x86.ActiveCfg = Debug|x86
		{F6B4CA19-ABE6-429D-893B-1B98CC9572D8}.Ad-Hoc|x86.Build.0 = Debug|x86
		{F6B4CA19-ABE6-429D-893B-1B98CC9572D8}.Ad-Hoc|x86.Deploy.0 = Debug|x86
		{F6B4CA19-ABE6-429D-893B-1B98CC9572D8}.AppStore|Any CPU.ActiveCfg = Debug|x86
		{F6B4CA19-ABE6-429D-893B-1B98CC9572D8}.AppStore|Any CPU.Build.0 = Debug|x86
		{F6B4CA19-ABE6-429D-893B-1B98CC9572D8}.AppStore|Any CPU.Deploy.0 = Debug|x86
		{F6B4CA19-ABE6-429D-893B-1B98CC9572D8}.AppStore|ARM.ActiveCfg = Debug|ARM
		{F6B4CA19-ABE6-429D-893B-1B98CC9572D8}.AppStore|ARM.Build.0 = Debug|ARM
		{F6B4CA19-ABE6-429D-893B-1B98CC9572D8}.AppStore|ARM.Deploy.0 = Debug|ARM
		{F6B4CA19-ABE6-429D-893B-1B98CC9572D8}.AppStore|ARM64.ActiveCfg = Debug|ARM64
		{F6B4CA19-ABE6-429D-893B-1B98CC9572D8}.AppStore|ARM64.Build.0 = Debug|ARM64
		{F6B4CA19-ABE6-429D-893B-1B98CC9572D8}.AppStore|ARM64.Deploy.0 = Debug|ARM64
		{F6B4CA19-ABE6-429D-893B-1B98CC9572D8}.AppStore|iPhone.ActiveCfg = Debug|x86
		{F6B4CA19-ABE6-429D-893B-1B98CC9572D8}.AppStore|iPhone.Build.0 = Debug|x86
		{F6B4CA19-ABE6-429D-893B-1B98CC9572D8}.AppStore|iPhone.Deploy.0 = Debug|x86
		{F6B4CA19-ABE6-429D-893B-1B98CC9572D8}.AppStore|iPhoneSimulator.ActiveCfg = Debug|x86
		{F6B4CA19-ABE6-429D-893B-1B98CC9572D8}.AppStore|iPhoneSimulator.Build.0 = Debug|x86
		{F6B4CA19-ABE6-429D-893B-1B98CC9572D8}.AppStore|iPhoneSimulator.Deploy.0 = Debug|x86
		{F6B4CA19-ABE6-429D-893B-1B98CC9572D8}.AppStore|x64.ActiveCfg = Debug|x64
		{F6B4CA19-ABE6-429D-893B-1B98CC9572D8}.AppStore|x64.Build.0 = Debug|x64
		{F6B4CA19-ABE6-429D-893B-1B98CC9572D8}.AppStore|x64.Deploy.0 = Debug|x64
		{F6B4CA19-ABE6-429D-893B-1B98CC9572D8}.AppStore|x86.ActiveCfg = Debug|x86
		{F6B4CA19-ABE6-429D-893B-1B98CC9572D8}.AppStore|x86.Build.0 = Debug|x86
		{F6B4CA19-ABE6-429D-893B-1B98CC9572D8}.AppStore|x86.Deploy.0 = Debug|x86
		{F6B4CA19-ABE6-429D-893B-1B98CC9572D8}.Debug|Any CPU.ActiveCfg = Debug|x86
		{F6B4CA19-ABE6-429D-893B-1B98CC9572D8}.Debug|Any CPU.Build.0 = Debug|x86
		{F6B4CA19-ABE6-429D-893B-1B98CC9572D8}.Debug|Any CPU.Deploy.0 = Debug|x86
		{F6B4CA19-ABE6-429D-893B-1B98CC9572D8}.Debug|ARM.ActiveCfg = Debug|ARM
		{F6B4CA19-ABE6-429D-893B-1B98CC9572D8}.Debug|ARM.Build.0 = Debug|ARM
		{F6B4CA19-ABE6-429D-893B-1B98CC9572D8}.Debug|ARM.Deploy.0 = Debug|ARM
		{F6B4CA19-ABE6-429D-893B-1B98CC9572D8}.Debug|ARM64.ActiveCfg = Debug|ARM64
		{F6B4CA19-ABE6-429D-893B-1B98CC9572D8}.Debug|ARM64.Build.0 = Debug|ARM64
		{F6B4CA19-ABE6-429D-893B-1B98CC9572D8}.Debug|ARM64.Deploy.0 = Debug|ARM64
		{F6B4CA19-ABE6-429D-893B-1B98CC9572D8}.Debug|iPhone.ActiveCfg = Debug|x86
		{F6B4CA19-ABE6-429D-893B-1B98CC9572D8}.Debug|iPhoneSimulator.ActiveCfg = Debug|x86
		{F6B4CA19-ABE6-429D-893B-1B98CC9572D8}.Debug|x64.ActiveCfg = Debug|x64
		{F6B4CA19-ABE6-429D-893B-1B98CC9572D8}.Debug|x64.Build.0 = Debug|x64
		{F6B4CA19-ABE6-429D-893B-1B98CC9572D8}.Debug|x64.Deploy.0 = Debug|x64
		{F6B4CA19-ABE6-429D-893B-1B98CC9572D8}.Debug|x86.ActiveCfg = Debug|x86
		{F6B4CA19-ABE6-429D-893B-1B98CC9572D8}.Debug|x86.Build.0 = Debug|x86
		{F6B4CA19-ABE6-429D-893B-1B98CC9572D8}.Debug|x86.Deploy.0 = Debug|x86
		{F6B4CA19-ABE6-429D-893B-1B98CC9572D8}.Release|Any CPU.ActiveCfg = Release|x86
		{F6B4CA19-ABE6-429D-893B-1B98CC9572D8}.Release|ARM.ActiveCfg = Release|ARM
		{F6B4CA19-ABE6-429D-893B-1B98CC9572D8}.Release|ARM.Build.0 = Release|ARM
		{F6B4CA19-ABE6-429D-893B-1B98CC9572D8}.Release|ARM.Deploy.0 = Release|ARM
		{F6B4CA19-ABE6-429D-893B-1B98CC9572D8}.Release|ARM64.ActiveCfg = Release|ARM64
		{F6B4CA19-ABE6-429D-893B-1B98CC9572D8}.Release|ARM64.Build.0 = Release|ARM64
		{F6B4CA19-ABE6-429D-893B-1B98CC9572D8}.Release|ARM64.Deploy.0 = Release|ARM64
		{F6B4CA19-ABE6-429D-893B-1B98CC9572D8}.Release|iPhone.ActiveCfg = Release|x86
		{F6B4CA19-ABE6-429D-893B-1B98CC9572D8}.Release|iPhoneSimulator.ActiveCfg = Release|x86
		{F6B4CA19-ABE6-429D-893B-1B98CC9572D8}.Release|x64.ActiveCfg = Release|x64
		{F6B4CA19-ABE6-429D-893B-1B98CC9572D8}.Release|x64.Build.0 = Release|x64
		{F6B4CA19-ABE6-429D-893B-1B98CC9572D8}.Release|x64.Deploy.0 = Release|x64
		{F6B4CA19-ABE6-429D-893B-1B98CC9572D8}.Release|x86.ActiveCfg = Release|x86
		{F6B4CA19-ABE6-429D-893B-1B98CC9572D8}.Release|x86.Build.0 = Release|x86
		{F6B4CA19-ABE6-429D-893B-1B98CC9572D8}.Release|x86.Deploy.0 = Release|x86
		{2D135649-4CAE-4BBC-8FFE-C13CD5EB20E7}.Ad-Hoc|Any CPU.ActiveCfg = Release|Any CPU
		{2D135649-4CAE-4BBC-8FFE-C13CD5EB20E7}.Ad-Hoc|Any CPU.Build.0 = Release|Any CPU
		{2D135649-4CAE-4BBC-8FFE-C13CD5EB20E7}.Ad-Hoc|ARM.ActiveCfg = Release|Any CPU
		{2D135649-4CAE-4BBC-8FFE-C13CD5EB20E7}.Ad-Hoc|ARM.Build.0 = Release|Any CPU
		{2D135649-4CAE-4BBC-8FFE-C13CD5EB20E7}.Ad-Hoc|ARM64.ActiveCfg = Release|Any CPU
		{2D135649-4CAE-4BBC-8FFE-C13CD5EB20E7}.Ad-Hoc|ARM64.Build.0 = Release|Any CPU
		{2D135649-4CAE-4BBC-8FFE-C13CD5EB20E7}.Ad-Hoc|iPhone.ActiveCfg = Release|Any CPU
		{2D135649-4CAE-4BBC-8FFE-C13CD5EB20E7}.Ad-Hoc|iPhone.Build.0 = Release|Any CPU
		{2D135649-4CAE-4BBC-8FFE-C13CD5EB20E7}.Ad-Hoc|iPhoneSimulator.ActiveCfg = Release|Any CPU
		{2D135649-4CAE-4BBC-8FFE-C13CD5EB20E7}.Ad-Hoc|iPhoneSimulator.Build.0 = Release|Any CPU
		{2D135649-4CAE-4BBC-8FFE-C13CD5EB20E7}.Ad-Hoc|x64.ActiveCfg = Release|Any CPU
		{2D135649-4CAE-4BBC-8FFE-C13CD5EB20E7}.Ad-Hoc|x64.Build.0 = Release|Any CPU
		{2D135649-4CAE-4BBC-8FFE-C13CD5EB20E7}.Ad-Hoc|x86.ActiveCfg = Release|Any CPU
		{2D135649-4CAE-4BBC-8FFE-C13CD5EB20E7}.Ad-Hoc|x86.Build.0 = Release|Any CPU
		{2D135649-4CAE-4BBC-8FFE-C13CD5EB20E7}.AppStore|Any CPU.ActiveCfg = Release|Any CPU
		{2D135649-4CAE-4BBC-8FFE-C13CD5EB20E7}.AppStore|Any CPU.Build.0 = Release|Any CPU
		{2D135649-4CAE-4BBC-8FFE-C13CD5EB20E7}.AppStore|ARM.ActiveCfg = Release|Any CPU
		{2D135649-4CAE-4BBC-8FFE-C13CD5EB20E7}.AppStore|ARM.Build.0 = Release|Any CPU
		{2D135649-4CAE-4BBC-8FFE-C13CD5EB20E7}.AppStore|ARM64.ActiveCfg = Release|Any CPU
		{2D135649-4CAE-4BBC-8FFE-C13CD5EB20E7}.AppStore|ARM64.Build.0 = Release|Any CPU
		{2D135649-4CAE-4BBC-8FFE-C13CD5EB20E7}.AppStore|iPhone.ActiveCfg = Release|Any CPU
		{2D135649-4CAE-4BBC-8FFE-C13CD5EB20E7}.AppStore|iPhone.Build.0 = Release|Any CPU
		{2D135649-4CAE-4BBC-8FFE-C13CD5EB20E7}.AppStore|iPhoneSimulator.ActiveCfg = Release|Any CPU
		{2D135649-4CAE-4BBC-8FFE-C13CD5EB20E7}.AppStore|iPhoneSimulator.Build.0 = Release|Any CPU
		{2D135649-4CAE-4BBC-8FFE-C13CD5EB20E7}.AppStore|x64.ActiveCfg = Release|Any CPU
		{2D135649-4CAE-4BBC-8FFE-C13CD5EB20E7}.AppStore|x64.Build.0 = Release|Any CPU
		{2D135649-4CAE-4BBC-8FFE-C13CD5EB20E7}.AppStore|x86.ActiveCfg = Release|Any CPU
		{2D135649-4CAE-4BBC-8FFE-C13CD5EB20E7}.AppStore|x86.Build.0 = Release|Any CPU
		{2D135649-4CAE-4BBC-8FFE-C13CD5EB20E7}.Debug|Any CPU.ActiveCfg = Debug|Any CPU
		{2D135649-4CAE-4BBC-8FFE-C13CD5EB20E7}.Debug|Any CPU.Build.0 = Debug|Any CPU
		{2D135649-4CAE-4BBC-8FFE-C13CD5EB20E7}.Debug|ARM.ActiveCfg = Debug|Any CPU
		{2D135649-4CAE-4BBC-8FFE-C13CD5EB20E7}.Debug|ARM.Build.0 = Debug|Any CPU
		{2D135649-4CAE-4BBC-8FFE-C13CD5EB20E7}.Debug|ARM64.ActiveCfg = Debug|Any CPU
		{2D135649-4CAE-4BBC-8FFE-C13CD5EB20E7}.Debug|ARM64.Build.0 = Debug|Any CPU
		{2D135649-4CAE-4BBC-8FFE-C13CD5EB20E7}.Debug|iPhone.ActiveCfg = Debug|Any CPU
		{2D135649-4CAE-4BBC-8FFE-C13CD5EB20E7}.Debug|iPhone.Build.0 = Debug|Any CPU
		{2D135649-4CAE-4BBC-8FFE-C13CD5EB20E7}.Debug|iPhoneSimulator.ActiveCfg = Debug|Any CPU
		{2D135649-4CAE-4BBC-8FFE-C13CD5EB20E7}.Debug|iPhoneSimulator.Build.0 = Debug|Any CPU
		{2D135649-4CAE-4BBC-8FFE-C13CD5EB20E7}.Debug|x64.ActiveCfg = Debug|Any CPU
		{2D135649-4CAE-4BBC-8FFE-C13CD5EB20E7}.Debug|x64.Build.0 = Debug|Any CPU
		{2D135649-4CAE-4BBC-8FFE-C13CD5EB20E7}.Debug|x86.ActiveCfg = Debug|Any CPU
		{2D135649-4CAE-4BBC-8FFE-C13CD5EB20E7}.Debug|x86.Build.0 = Debug|Any CPU
		{2D135649-4CAE-4BBC-8FFE-C13CD5EB20E7}.Release|Any CPU.ActiveCfg = Release|Any CPU
		{2D135649-4CAE-4BBC-8FFE-C13CD5EB20E7}.Release|Any CPU.Build.0 = Release|Any CPU
		{2D135649-4CAE-4BBC-8FFE-C13CD5EB20E7}.Release|ARM.ActiveCfg = Release|Any CPU
		{2D135649-4CAE-4BBC-8FFE-C13CD5EB20E7}.Release|ARM.Build.0 = Release|Any CPU
		{2D135649-4CAE-4BBC-8FFE-C13CD5EB20E7}.Release|ARM64.ActiveCfg = Release|Any CPU
		{2D135649-4CAE-4BBC-8FFE-C13CD5EB20E7}.Release|ARM64.Build.0 = Release|Any CPU
		{2D135649-4CAE-4BBC-8FFE-C13CD5EB20E7}.Release|iPhone.ActiveCfg = Release|Any CPU
		{2D135649-4CAE-4BBC-8FFE-C13CD5EB20E7}.Release|iPhone.Build.0 = Release|Any CPU
		{2D135649-4CAE-4BBC-8FFE-C13CD5EB20E7}.Release|iPhoneSimulator.ActiveCfg = Release|Any CPU
		{2D135649-4CAE-4BBC-8FFE-C13CD5EB20E7}.Release|iPhoneSimulator.Build.0 = Release|Any CPU
		{2D135649-4CAE-4BBC-8FFE-C13CD5EB20E7}.Release|x64.ActiveCfg = Release|Any CPU
		{2D135649-4CAE-4BBC-8FFE-C13CD5EB20E7}.Release|x64.Build.0 = Release|Any CPU
		{2D135649-4CAE-4BBC-8FFE-C13CD5EB20E7}.Release|x86.ActiveCfg = Release|Any CPU
		{2D135649-4CAE-4BBC-8FFE-C13CD5EB20E7}.Release|x86.Build.0 = Release|Any CPU
		{F5344C38-21CC-44D1-85D3-79A7BFCE9D0D}.Ad-Hoc|Any CPU.ActiveCfg = Debug|iPhoneSimulator
		{F5344C38-21CC-44D1-85D3-79A7BFCE9D0D}.Ad-Hoc|Any CPU.Build.0 = Debug|iPhoneSimulator
		{F5344C38-21CC-44D1-85D3-79A7BFCE9D0D}.Ad-Hoc|ARM.ActiveCfg = Debug|iPhoneSimulator
		{F5344C38-21CC-44D1-85D3-79A7BFCE9D0D}.Ad-Hoc|ARM.Build.0 = Debug|iPhoneSimulator
		{F5344C38-21CC-44D1-85D3-79A7BFCE9D0D}.Ad-Hoc|ARM64.ActiveCfg = Debug|iPhoneSimulator
		{F5344C38-21CC-44D1-85D3-79A7BFCE9D0D}.Ad-Hoc|ARM64.Build.0 = Debug|iPhoneSimulator
		{F5344C38-21CC-44D1-85D3-79A7BFCE9D0D}.Ad-Hoc|iPhone.ActiveCfg = Debug|iPhoneSimulator
		{F5344C38-21CC-44D1-85D3-79A7BFCE9D0D}.Ad-Hoc|iPhone.Build.0 = Debug|iPhoneSimulator
		{F5344C38-21CC-44D1-85D3-79A7BFCE9D0D}.Ad-Hoc|iPhoneSimulator.ActiveCfg = Debug|iPhoneSimulator
		{F5344C38-21CC-44D1-85D3-79A7BFCE9D0D}.Ad-Hoc|iPhoneSimulator.Build.0 = Debug|iPhoneSimulator
		{F5344C38-21CC-44D1-85D3-79A7BFCE9D0D}.Ad-Hoc|x64.ActiveCfg = Debug|iPhoneSimulator
		{F5344C38-21CC-44D1-85D3-79A7BFCE9D0D}.Ad-Hoc|x64.Build.0 = Debug|iPhoneSimulator
		{F5344C38-21CC-44D1-85D3-79A7BFCE9D0D}.Ad-Hoc|x86.ActiveCfg = Debug|iPhoneSimulator
		{F5344C38-21CC-44D1-85D3-79A7BFCE9D0D}.Ad-Hoc|x86.Build.0 = Debug|iPhoneSimulator
		{F5344C38-21CC-44D1-85D3-79A7BFCE9D0D}.AppStore|Any CPU.ActiveCfg = Debug|iPhoneSimulator
		{F5344C38-21CC-44D1-85D3-79A7BFCE9D0D}.AppStore|Any CPU.Build.0 = Debug|iPhoneSimulator
		{F5344C38-21CC-44D1-85D3-79A7BFCE9D0D}.AppStore|ARM.ActiveCfg = Debug|iPhoneSimulator
		{F5344C38-21CC-44D1-85D3-79A7BFCE9D0D}.AppStore|ARM.Build.0 = Debug|iPhoneSimulator
		{F5344C38-21CC-44D1-85D3-79A7BFCE9D0D}.AppStore|ARM64.ActiveCfg = Debug|iPhoneSimulator
		{F5344C38-21CC-44D1-85D3-79A7BFCE9D0D}.AppStore|ARM64.Build.0 = Debug|iPhoneSimulator
		{F5344C38-21CC-44D1-85D3-79A7BFCE9D0D}.AppStore|iPhone.ActiveCfg = Debug|iPhoneSimulator
		{F5344C38-21CC-44D1-85D3-79A7BFCE9D0D}.AppStore|iPhone.Build.0 = Debug|iPhoneSimulator
		{F5344C38-21CC-44D1-85D3-79A7BFCE9D0D}.AppStore|iPhoneSimulator.ActiveCfg = Debug|iPhoneSimulator
		{F5344C38-21CC-44D1-85D3-79A7BFCE9D0D}.AppStore|iPhoneSimulator.Build.0 = Debug|iPhoneSimulator
		{F5344C38-21CC-44D1-85D3-79A7BFCE9D0D}.AppStore|x64.ActiveCfg = Debug|iPhoneSimulator
		{F5344C38-21CC-44D1-85D3-79A7BFCE9D0D}.AppStore|x64.Build.0 = Debug|iPhoneSimulator
		{F5344C38-21CC-44D1-85D3-79A7BFCE9D0D}.AppStore|x86.ActiveCfg = Debug|iPhoneSimulator
		{F5344C38-21CC-44D1-85D3-79A7BFCE9D0D}.AppStore|x86.Build.0 = Debug|iPhoneSimulator
		{F5344C38-21CC-44D1-85D3-79A7BFCE9D0D}.Debug|Any CPU.ActiveCfg = Debug|iPhoneSimulator
		{F5344C38-21CC-44D1-85D3-79A7BFCE9D0D}.Debug|ARM.ActiveCfg = Debug|iPhoneSimulator
		{F5344C38-21CC-44D1-85D3-79A7BFCE9D0D}.Debug|ARM64.ActiveCfg = Debug|iPhoneSimulator
		{F5344C38-21CC-44D1-85D3-79A7BFCE9D0D}.Debug|iPhone.ActiveCfg = Debug|iPhoneSimulator
		{F5344C38-21CC-44D1-85D3-79A7BFCE9D0D}.Debug|iPhoneSimulator.ActiveCfg = Debug|iPhoneSimulator
		{F5344C38-21CC-44D1-85D3-79A7BFCE9D0D}.Debug|iPhoneSimulator.Build.0 = Debug|iPhoneSimulator
		{F5344C38-21CC-44D1-85D3-79A7BFCE9D0D}.Debug|x64.ActiveCfg = Debug|iPhoneSimulator
		{F5344C38-21CC-44D1-85D3-79A7BFCE9D0D}.Debug|x86.ActiveCfg = Debug|iPhoneSimulator
		{F5344C38-21CC-44D1-85D3-79A7BFCE9D0D}.Release|Any CPU.ActiveCfg = Release|iPhoneSimulator
		{F5344C38-21CC-44D1-85D3-79A7BFCE9D0D}.Release|ARM.ActiveCfg = Release|iPhoneSimulator
		{F5344C38-21CC-44D1-85D3-79A7BFCE9D0D}.Release|ARM64.ActiveCfg = Release|iPhoneSimulator
		{F5344C38-21CC-44D1-85D3-79A7BFCE9D0D}.Release|iPhone.ActiveCfg = Release|iPhoneSimulator
		{F5344C38-21CC-44D1-85D3-79A7BFCE9D0D}.Release|iPhoneSimulator.ActiveCfg = Release|iPhoneSimulator
		{F5344C38-21CC-44D1-85D3-79A7BFCE9D0D}.Release|iPhoneSimulator.Build.0 = Release|iPhoneSimulator
		{F5344C38-21CC-44D1-85D3-79A7BFCE9D0D}.Release|x64.ActiveCfg = Release|iPhoneSimulator
		{F5344C38-21CC-44D1-85D3-79A7BFCE9D0D}.Release|x86.ActiveCfg = Release|iPhoneSimulator
	EndGlobalSection
	GlobalSection(SolutionProperties) = preSolution
		HideSolutionNode = FALSE
	EndGlobalSection
	GlobalSection(ExtensibilityGlobals) = postSolution
		SolutionGuid = {23DEAF40-9965-41A2-BA31-9CB6648DDC48}
	EndGlobalSection
EndGlobal
